
Microsoft Visual Studio Solution File, Format Version 12.00
# Visual Studio Version 17
VisualStudioVersion = 17.11.35222.181
MinimumVisualStudioVersion = 10.0.40219.1
Project("{888888A0-9F3D-457C-B088-3A5042F75D52}") = "LFC_Lab1.2", "LFC_Lab1.2\LFC_Lab1.2.pyproj", "{75445AFF-AE26-4B61-B910-8B4D2D03E25D}"
EndProject
Global
	GlobalSection(SolutionConfigurationPlatforms) = preSolution
		Debug|Any CPU = Debug|Any CPU
		Release|Any CPU = Release|Any CPU
	EndGlobalSection
	GlobalSection(ProjectConfigurationPlatforms) = postSolution
		{75445AFF-AE26-4B61-B910-8B4D2D03E25D}.Debug|Any CPU.ActiveCfg = Debug|Any CPU
		{75445AFF-AE26-4B61-B910-8B4D2D03E25D}.Release|Any CPU.ActiveCfg = Release|Any CPU
	EndGlobalSection
	GlobalSection(SolutionProperties) = preSolution
		HideSolutionNode = FALSE
	EndGlobalSection
	GlobalSection(ExtensibilityGlobals) = postSolution
		SolutionGuid = {1719265D-3122-46D5-87B2-80BE2F630B81}
	EndGlobalSection
EndGlobal
